
Microsoft Visual Studio Solution File, Format Version 12.00
Project("{FAE04EC0-301F-11D3-BF4B-00C04F79EFBC}") = "Samplefy", "Samplefy\Samplefy.csproj", "{DCCC1FC0-D6A0-48F4-995A-1CFCD35530AA}"
EndProject
Global
	GlobalSection(SolutionConfigurationPlatforms) = preSolution
		Debug|Any CPU = Debug|Any CPU
		Release|Any CPU = Release|Any CPU
	EndGlobalSection
	GlobalSection(ProjectConfigurationPlatforms) = postSolution
		{DCCC1FC0-D6A0-48F4-995A-1CFCD35530AA}.Debug|Any CPU.ActiveCfg = Debug|Any CPU
		{DCCC1FC0-D6A0-48F4-995A-1CFCD35530AA}.Debug|Any CPU.Build.0 = Debug|Any CPU
		{DCCC1FC0-D6A0-48F4-995A-1CFCD35530AA}.Release|Any CPU.ActiveCfg = Release|Any CPU
		{DCCC1FC0-D6A0-48F4-995A-1CFCD35530AA}.Release|Any CPU.Build.0 = Release|Any CPU
	EndGlobalSection
EndGlobal
